
Microsoft Visual Studio Solution File, Format Version 12.00
# Visual Studio Version 17
VisualStudioVersion = 17.6.33829.357
MinimumVisualStudioVersion = 10.0.40219.1
Project("{FAE04EC0-301F-11D3-BF4B-00C04F79EFBC}") = "MvcCoreHacker", "MvcCoreHacker\MvcCoreHacker.csproj", "{06F76B08-55F4-4070-81E6-062CF12F9FB1}"
EndProject
Global
	GlobalSection(SolutionConfigurationPlatforms) = preSolution
		Debug|Any CPU = Debug|Any CPU
		Release|Any CPU = Release|Any CPU
	EndGlobalSection
	GlobalSection(ProjectConfigurationPlatforms) = postSolution
		{06F76B08-55F4-4070-81E6-062CF12F9FB1}.Debug|Any CPU.ActiveCfg = Debug|Any CPU
		{06F76B08-55F4-4070-81E6-062CF12F9FB1}.Debug|Any CPU.Build.0 = Debug|Any CPU
		{06F76B08-55F4-4070-81E6-062CF12F9FB1}.Release|Any CPU.ActiveCfg = Release|Any CPU
		{06F76B08-55F4-4070-81E6-062CF12F9FB1}.Release|Any CPU.Build.0 = Release|Any CPU
	EndGlobalSection
	GlobalSection(SolutionProperties) = preSolution
		HideSolutionNode = FALSE
	EndGlobalSection
	GlobalSection(ExtensibilityGlobals) = postSolution
		SolutionGuid = {04DE96DA-E582-4A9D-9132-4CCFC20308A5}
	EndGlobalSection
EndGlobal
